
Microsoft Visual Studio Solution File, Format Version 12.00
# Visual Studio Version 17
VisualStudioVersion = 17.2.32616.157
MinimumVisualStudioVersion = 10.0.40219.1
Project("{9A19103F-16F7-4668-BE54-9A1E7A4F7556}") = "CarAPI", "CarAPI\CarAPI.csproj", "{D47C585F-CAA0-4BCD-96FD-005F600D68B7}"
EndProject
Project("{E53339B2-1760-4266-BCC7-CA923CBCF16C}") = "docker-compose", "docker-compose.dcproj", "{78118CBC-2500-41DC-A84F-BC84BB323C09}"
EndProject
Project("{FAE04EC0-301F-11D3-BF4B-00C04F79EFBC}") = "CarFakeService", "CarFakeService\CarFakeService.csproj", "{655699D0-A984-462E-A63F-5EE11E9061D0}"
EndProject
Global
	GlobalSection(SolutionConfigurationPlatforms) = preSolution
		Debug|Any CPU = Debug|Any CPU
		Release|Any CPU = Release|Any CPU
	EndGlobalSection
	GlobalSection(ProjectConfigurationPlatforms) = postSolution
		{D47C585F-CAA0-4BCD-96FD-005F600D68B7}.Debug|Any CPU.ActiveCfg = Debug|Any CPU
		{D47C585F-CAA0-4BCD-96FD-005F600D68B7}.Debug|Any CPU.Build.0 = Debug|Any CPU
		{D47C585F-CAA0-4BCD-96FD-005F600D68B7}.Release|Any CPU.ActiveCfg = Release|Any CPU
		{D47C585F-CAA0-4BCD-96FD-005F600D68B7}.Release|Any CPU.Build.0 = Release|Any CPU
		{78118CBC-2500-41DC-A84F-BC84BB323C09}.Debug|Any CPU.ActiveCfg = Debug|Any CPU
		{78118CBC-2500-41DC-A84F-BC84BB323C09}.Debug|Any CPU.Build.0 = Debug|Any CPU
		{78118CBC-2500-41DC-A84F-BC84BB323C09}.Release|Any CPU.ActiveCfg = Release|Any CPU
		{78118CBC-2500-41DC-A84F-BC84BB323C09}.Release|Any CPU.Build.0 = Release|Any CPU
		{655699D0-A984-462E-A63F-5EE11E9061D0}.Debug|Any CPU.ActiveCfg = Debug|Any CPU
		{655699D0-A984-462E-A63F-5EE11E9061D0}.Debug|Any CPU.Build.0 = Debug|Any CPU
		{655699D0-A984-462E-A63F-5EE11E9061D0}.Release|Any CPU.ActiveCfg = Release|Any CPU
		{655699D0-A984-462E-A63F-5EE11E9061D0}.Release|Any CPU.Build.0 = Release|Any CPU
	EndGlobalSection
	GlobalSection(SolutionProperties) = preSolution
		HideSolutionNode = FALSE
	EndGlobalSection
	GlobalSection(ExtensibilityGlobals) = postSolution
		SolutionGuid = {7D72759B-E769-49C2-B036-74A1848016DC}
	EndGlobalSection
EndGlobal
